// !$*UTF8*$!
{
	archiveVersion = 1;
	classes = {
	};
	objectVersion = 77;
	objects = {

/* Begin PBXContainerItemProxy section */
		76B9471B2F064B5A002FD0B2 /* PBXContainerItemProxy */ = {
			isa = PBXContainerItemProxy;
			containerPortal = 76B947002F064B57002FD0B2 /* Project object */;
			proxyType = 1;
			remoteGlobalIDString = 76B947072F064B57002FD0B2;
			remoteInfo = EcommerceProductApp;
		};
		76B947252F064B5A002FD0B2 /* PBXContainerItemProxy */ = {
			isa = PBXContainerItemProxy;
			containerPortal = 76B947002F064B57002FD0B2 /* Project object */;
			proxyType = 1;
			remoteGlobalIDString = 76B947072F064B57002FD0B2;
			remoteInfo = EcommerceProductApp;
		};
/* End PBXContainerItemProxy section */

/* Begin PBXFileReference section */
		76B947082F064B57002FD0B2 /* EcommerceProductApp.app */ = {isa = PBXFileReference; explicitFileType = wrapper.application; includeInIndex = 0; path = EcommerceProductApp.app; sourceTree = BUILT_PRODUCTS_DIR; };
		76B9471A2F064B5A002FD0B2 /* EcommerceProductAppTests.xctest */ = {isa = PBXFileReference; explicitFileType = wrapper.cfbundle; includeInIndex = 0; path = EcommerceProductAppTests.xctest; sourceTree = BUILT_PRODUCTS_DIR; };
		76B947242F064B5A002FD0B2 /* EcommerceProductAppUITests.xctest */ = {isa = PBXFileReference; explicitFileType = wrapper.cfbundle; includeInIndex = 0; path = EcommerceProductAppUITests.xctest; sourceTree = BUILT_PRODUCTS_DIR; };
/* End PBXFileReference section */

/* Begin PBXFileSystemSynchronizedBuildFileExceptionSet section */
		76B947512F06956B002FD0B2 /* Exceptions for "EcommerceProductApp" folder in "EcommerceProductApp" target */ = {
			isa = PBXFileSystemSynchronizedBuildFileExceptionSet;
			membershipExceptions = (
				Info.plist,
			);
			target = 76B947072F064B57002FD0B2 /* EcommerceProductApp */;
		};
/* End PBXFileSystemSynchronizedBuildFileExceptionSet section */

/* Begin PBXFileSystemSynchronizedRootGroup section */
		76B9470A2F064B57002FD0B2 /* EcommerceProductApp */ = {
			isa = PBXFileSystemSynchronizedRootGroup;
			exceptions = (
				76B947512F06956B002FD0B2 /* Exceptions for "EcommerceProductApp" folder in "EcommerceProductApp" target */,
			);
			path = EcommerceProductApp;
			sourceTree = "<group>";
		};
		76B9471D2F064B5A002FD0B2 /* EcommerceProductAppTests */ = {
			isa = PBXFileSystemSynchronizedRootGroup;
			path = EcommerceProductAppTests;
			sourceTree = "<group>";
		};
		76B947272F064B5A002FD0B2 /* EcommerceProductAppUITests */ = {
			isa = PBXFileSystemSynchronizedRootGroup;
			path = EcommerceProductAppUITests;
			sourceTree = "<group>";
		};
/* End PBXFileSystemSynchronizedRootGroup section */

/* Begin PBXFrameworksBuildPhase section */
		76B947052F064B57002FD0B2 /* Frameworks */ = {
			isa = PBXFrameworksBuildPhase;
			buildActionMask = 2147483647;
			files = (
			);
			runOnlyForDeploymentPostprocessing = 0;
		};
		76B947172F064B5A002FD0B2 /* Frameworks */ = {
			isa = PBXFrameworksBuildPhase;
			buildActionMask = 2147483647;
			files = (
			);
			runOnlyForDeploymentPostprocessing = 0;
		};
		76B947212F064B5A002FD0B2 /* Frameworks */ = {
			isa = PBXFrameworksBuildPhase;
			buildActionMask = 2147483647;
			files = (
			);
			runOnlyForDeploymentPostprocessing = 0;
		};
/* End PBXFrameworksBuildPhase section */

/* Begin PBXGroup section */
		76B946FF2F064B57002FD0B2 = {
			isa = PBXGroup;
			children = (
				76B9470A2F064B57002FD0B2 /* EcommerceProductApp */,
				76B9471D2F064B5A002FD0B2 /* EcommerceProductAppTests */,
				76B947272F064B5A002FD0B2 /* EcommerceProductAppUITests */,
				76B947092F064B57002FD0B2 /* Products */,
			);
			sourceTree = "<group>";
		};
		76B947092F064B57002FD0B2 /* Products */ = {
			isa = PBXGroup;
			children = (
				76B947082F064B57002FD0B2 /* EcommerceProductApp.app */,
				76B9471A2F064B5A002FD0B2 /* EcommerceProductAppTests.xctest */,
				76B947242F064B5A002FD0B2 /* EcommerceProductAppUITests.xctest */,
			);
			name = Products;
			sourceTree = "<group>";
		};
/* End PBXGroup section */

/* Begin PBXNativeTarget section */
		76B947072F064B57002FD0B2 /* EcommerceProductApp */ = {
			isa = PBXNativeTarget;
			buildConfigurationList = 76B9472E2F064B5A002FD0B2 /* Build configuration list for PBXNativeTarget "EcommerceProductApp" */;
			buildPhases = (
				76B947042F064B57002FD0B2 /* Sources */,
				76B947052F064B57002FD0B2 /* Frameworks */,
				76B947062F064B57002FD0B2 /* Resources */,
			);
			buildRules = (
			);
			dependencies = (
			);
			fileSystemSynchronizedGroups = (
				76B9470A2F064B57002FD0B2 /* EcommerceProductApp */,
			);
			name = EcommerceProductApp;
			packageProductDependencies = (
			);
			productName = EcommerceProductApp;
			productReference = 76B947082F064B57002FD0B2 /* EcommerceProductApp.app */;
			productType = "com.apple.product-type.application";
		};
		76B947192F064B5A002FD0B2 /* EcommerceProductAppTests */ = {
			isa = PBXNativeTarget;
			buildConfigurationList = 76B947312F064B5A002FD0B2 /* Build configuration list for PBXNativeTarget "EcommerceProductAppTests" */;
			buildPhases = (
				76B947162F064B5A002FD0B2 /* Sources */,
				76B947172F064B5A002FD0B2 /* Frameworks */,
				76B947182F064B5A002FD0B2 /* Resources */,
			);
			buildRules = (
			);
			dependencies = (
				76B9471C2F064B5A002FD0B2 /* PBXTargetDependency */,
			);
			fileSystemSynchronizedGroups = (
				76B9471D2F064B5A002FD0B2 /* EcommerceProductAppTests */,
			);
			name = EcommerceProductAppTests;
			packageProductDependencies = (
			);
			productName = EcommerceProductAppTests;
			productReference = 76B9471A2F064B5A002FD0B2 /* EcommerceProductAppTests.xctest */;
			productType = "com.apple.product-type.bundle.unit-test";
		};
		76B947232F064B5A002FD0B2 /* EcommerceProductAppUITests */ = {
			isa = PBXNativeTarget;
			buildConfigurationList = 76B947342F064B5A002FD0B2 /* Build configuration list for PBXNativeTarget "EcommerceProductAppUITests" */;
			buildPhases = (
				76B947202F064B5A002FD0B2 /* Sources */,
				76B947212F064B5A002FD0B2 /* Frameworks */,
				76B947222F064B5A002FD0B2 /* Resources */,
			);
			buildRules = (
			);
			dependencies = (
				76B947262F064B5A002FD0B2 /* PBXTargetDependency */,
			);
			fileSystemSynchronizedGroups = (
				76B947272F064B5A002FD0B2 /* EcommerceProductAppUITests */,
			);
			name = EcommerceProductAppUITests;
			packageProductDependencies = (
			);
			productName = EcommerceProductAppUITests;
			productReference = 76B947242F064B5A002FD0B2 /* EcommerceProductAppUITests.xctest */;
			productType = "com.apple.product-type.bundle.ui-testing";
		};
/* End PBXNativeTarget section */

/* Begin PBXProject section */
		76B947002F064B57002FD0B2 /* Project object */ = {
			isa = PBXProject;
			attributes = {
				BuildIndependentTargetsInParallel = 1;
				LastSwiftUpdateCheck = 1610;
				LastUpgradeCheck = 1610;
				TargetAttributes = {
					76B947072F064B57002FD0B2 = {
						CreatedOnToolsVersion = 16.1;
					};
					76B947192F064B5A002FD0B2 = {
						CreatedOnToolsVersion = 16.1;
						TestTargetID = 76B947072F064B57002FD0B2;
					};
					76B947232F064B5A002FD0B2 = {
						CreatedOnToolsVersion = 16.1;
						TestTargetID = 76B947072F064B57002FD0B2;
					};
				};
			};
			buildConfigurationList = 76B947032F064B57002FD0B2 /* Build configuration list for PBXProject "EcommerceProductApp" */;
			developmentRegion = en;
			hasScannedForEncodings = 0;
			knownRegions = (
				en,
				Base,
			);
			mainGroup = 76B946FF2F064B57002FD0B2;
			minimizedProjectReferenceProxies = 1;
			preferredProjectObjectVersion = 77;
			productRefGroup = 76B947092F064B57002FD0B2 /* Products */;
			projectDirPath = "";
			projectRoot = "";
			targets = (
				76B947072F064B57002FD0B2 /* EcommerceProductApp */,
				76B947192F064B5A002FD0B2 /* EcommerceProductAppTests */,
				76B947232F064B5A002FD0B2 /* EcommerceProductAppUITests */,
			);
		};
/* End PBXProject section */

/* Begin PBXResourcesBuildPhase section */
		76B947062F064B57002FD0B2 /* Resources */ = {
			isa = PBXResourcesBuildPhase;
			buildActionMask = 2147483647;
			files = (
			);
			runOnlyForDeploymentPostprocessing = 0;
		};
		76B947182F064B5A002FD0B2 /* Resources */ = {
			isa = PBXResourcesBuildPhase;
			buildActionMask = 2147483647;
			files = (
			);
			runOnlyForDeploymentPostprocessing = 0;
		};
		76B947222F064B5A002FD0B2 /* Resources */ = {
			isa = PBXResourcesBuildPhase;
			buildActionMask = 2147483647;
			files = (
			);
			runOnlyForDeploymentPostprocessing = 0;
		};
/* End PBXResourcesBuildPhase section */

/* Begin PBXSourcesBuildPhase section */
		76B947042F064B57002FD0B2 /* Sources */ = {
			isa = PBXSourcesBuildPhase;
			buildActionMask = 2147483647;
			files = (
			);
			runOnlyForDeploymentPostprocessing = 0;
		};
		76B947162F064B5A002FD0B2 /* Sources */ = {
			isa = PBXSourcesBuildPhase;
			buildActionMask = 2147483647;
			files = (
			);
			runOnlyForDeploymentPostprocessing = 0;
		};
		76B947202F064B5A002FD0B2 /* Sources */ = {
			isa = PBXSourcesBuildPhase;
			buildActionMask = 2147483647;
			files = (
			);
			runOnlyForDeploymentPostprocessing = 0;
		};
/* End PBXSourcesBuildPhase section */

/* Begin PBXTargetDependency section */
		76B9471C2F064B5A002FD0B2 /* PBXTargetDependency */ = {
			isa = PBXTargetDependency;
			target = 76B947072F064B57002FD0B2 /* EcommerceProductApp */;
			targetProxy = 76B9471B2F064B5A002FD0B2 /* PBXContainerItemProxy */;
		};
		76B947262F064B5A002FD0B2 /* PBXTargetDependency */ = {
			isa = PBXTargetDependency;
			target = 76B947072F064B57002FD0B2 /* EcommerceProductApp */;
			targetProxy = 76B947252F064B5A002FD0B2 /* PBXContainerItemProxy */;
		};
/* End PBXTargetDependency section */

/* Begin XCBuildConfiguration section */
		76B9472C2F064B5A002FD0B2 /* Debug */ = {
			isa = XCBuildConfiguration;
			buildSettings = {
				ALWAYS_SEARCH_USER_PATHS = NO;
				ASSETCATALOG_COMPILER_GENERATE_SWIFT_ASSET_SYMBOL_EXTENSIONS = YES;
				CLANG_ANALYZER_NONNULL = YES;
				CLANG_ANALYZER_NUMBER_OBJECT_CONVERSION = YES_AGGRESSIVE;
				CLANG_CXX_LANGUAGE_STANDARD = "gnu++20";
				CLANG_ENABLE_MODULES = YES;
				CLANG_ENABLE_OBJC_ARC = YES;
				CLANG_ENABLE_OBJC_WEAK = YES;
				CLANG_WARN_BLOCK_CAPTURE_AUTORELEASING = YES;
				CLANG_WARN_BOOL_CONVERSION = YES;
				CLANG_WARN_COMMA = YES;
				CLANG_WARN_CONSTANT_CONVERSION = YES;
				CLANG_WARN_DEPRECATED_OBJC_IMPLEMENTATIONS = YES;
				CLANG_WARN_DIRECT_OBJC_ISA_USAGE = YES_ERROR;
				CLANG_WARN_DOCUMENTATION_COMMENTS = YES;
				CLANG_WARN_EMPTY_BODY = YES;
				CLANG_WARN_ENUM_CONVERSION = YES;
				CLANG_WARN_INFINITE_RECURSION = YES;
				CLANG_WARN_INT_CONVERSION = YES;
				CLANG_WARN_NON_LITERAL_NULL_CONVERSION = YES;
				CLANG_WARN_OBJC_IMPLICIT_RETAIN_SELF = YES;
				CLANG_WARN_OBJC_LITERAL_CONVERSION = YES;
				CLANG_WARN_OBJC_ROOT_CLASS = YES_ERROR;
				CLANG_WARN_QUOTED_INCLUDE_IN_FRAMEWORK_HEADER = YES;
				CLANG_WARN_RANGE_LOOP_ANALYSIS = YES;
				CLANG_WARN_STRICT_PROTOTYPES = YES;
				CLANG_WARN_SUSPICIOUS_MOVE = YES;
				CLANG_WARN_UNGUARDED_AVAILABILITY = YES_AGGRESSIVE;
				CLANG_WARN_UNREACHABLE_CODE = YES;
				CLANG_WARN__DUPLICATE_METHOD_MATCH = YES;
				COPY_PHASE_STRIP = NO;
				DEBUG_INFORMATION_FORMAT = dwarf;
				ENABLE_STRICT_OBJC_MSGSEND = YES;
				ENABLE_TESTABILITY = YES;
				ENABLE_USER_SCRIPT_SANDBOXING = YES;
				GCC_C_LANGUAGE_STANDARD = gnu17;
				GCC_DYNAMIC_NO_PIC = NO;
				GCC_NO_COMMON_BLOCKS = YES;
				GCC_OPTIMIZATION_LEVEL = 0;
				GCC_PREPROCESSOR_DEFINITIONS = (
					"DEBUG=1",
					"$(inherited)",
				);
				GCC_WARN_64_TO_32_BIT_CONVERSION = YES;
				GCC_WARN_ABOUT_RETURN_TYPE = YES_ERROR;
				GCC_WARN_UNDECLARED_SELECTOR = YES;
				GCC_WARN_UNINITIALIZED_AUTOS = YES_AGGRESSIVE;
				GCC_WARN_UNUSED_FUNCTION = YES;
				GCC_WARN_UNUSED_VARIABLE = YES;
				IPHONEOS_DEPLOYMENT_TARGET = 18.1;
				LOCALIZATION_PREFERS_STRING_CATALOGS = YES;
				MTL_ENABLE_DEBUG_INFO = INCLUDE_SOURCE;
				MTL_FAST_MATH = YES;
				ONLY_ACTIVE_ARCH = YES;
				SDKROOT = iphoneos;
				SWIFT_ACTIVE_COMPILATION_CONDITIONS = "DEBUG $(inherited)";
				SWIFT_OPTIMIZATION_LEVEL = "-Onone";
			};
			name = Debug;
		};
		76B9472D2F064B5A002FD0B2 /* Release */ = {
			isa = XCBuildConfiguration;
			buildSettings = {
				ALWAYS_SEARCH_USER_PATHS = NO;
				ASSETCATALOG_COMPILER_GENERATE_SWIFT_ASSET_SYMBOL_EXTENSIONS = YES;
				CLANG_ANALYZER_NONNULL = YES;
				CLANG_ANALYZER_NUMBER_OBJECT_CONVERSION = YES_AGGRESSIVE;
				CLANG_CXX_LANGUAGE_STANDARD = "gnu++20";
				CLANG_ENABLE_MODULES = YES;
				CLANG_ENABLE_OBJC_ARC = YES;
				CLANG_ENABLE_OBJC_WEAK = YES;
				CLANG_WARN_BLOCK_CAPTURE_AUTORELEASING = YES;
				CLANG_WARN_BOOL_CONVERSION = YES;
				CLANG_WARN_COMMA = YES;
				CLANG_WARN_CONSTANT_CONVERSION = YES;
				CLANG_WARN_DEPRECATED_OBJC_IMPLEMENTATIONS = YES;
				CLANG_WARN_DIRECT_OBJC_ISA_USAGE = YES_ERROR;
				CLANG_WARN_DOCUMENTATION_COMMENTS = YES;
				CLANG_WARN_EMPTY_BODY = YES;
				CLANG_WARN_ENUM_CONVERSION = YES;
				CLANG_WARN_INFINITE_RECURSION = YES;
				CLANG_WARN_INT_CONVERSION = YES;
				CLANG_WARN_NON_LITERAL_NULL_CONVERSION = YES;
				CLANG_WARN_OBJC_IMPLICIT_RETAIN_SELF = YES;
				CLANG_WARN_OBJC_LITERAL_CONVERSION = YES;
				CLANG_WARN_OBJC_ROOT_CLASS = YES_ERROR;
				CLANG_WARN_QUOTED_INCLUDE_IN_FRAMEWORK_HEADER = YES;
				CLANG_WARN_RANGE_LOOP_ANALYSIS = YES;
				CLANG_WARN_STRICT_PROTOTYPES = YES;
				CLANG_WARN_SUSPICIOUS_MOVE = YES;
				CLANG_WARN_UNGUARDED_AVAILABILITY = YES_AGGRESSIVE;
				CLANG_WARN_UNREACHABLE_CODE = YES;
				CLANG_WARN__DUPLICATE_METHOD_MATCH = YES;
				COPY_PHASE_STRIP = NO;
				DEBUG_INFORMATION_FORMAT = "dwarf-with-dsym";
				ENABLE_NS_ASSERTIONS = NO;
				ENABLE_STRICT_OBJC_MSGSEND = YES;
				ENABLE_USER_SCRIPT_SANDBOXING = YES;
				GCC_C_LANGUAGE_STANDARD = gnu17;
				GCC_NO_COMMON_BLOCKS = YES;
				GCC_WARN_64_TO_32_BIT_CONVERSION = YES;
				GCC_WARN_ABOUT_RETURN_TYPE = YES_ERROR;
				GCC_WARN_UNDECLARED_SELECTOR = YES;
				GCC_WARN_UNINITIALIZED_AUTOS = YES_AGGRESSIVE;
				GCC_WARN_UNUSED_FUNCTION = YES;
				GCC_WARN_UNUSED_VARIABLE = YES;
				IPHONEOS_DEPLOYMENT_TARGET = 18.1;
				LOCALIZATION_PREFERS_STRING_CATALOGS = YES;
				MTL_ENABLE_DEBUG_INFO = NO;
				MTL_FAST_MATH = YES;
				SDKROOT = iphoneos;
				SWIFT_COMPILATION_MODE = wholemodule;
				VALIDATE_PRODUCT = YES;
			};
			name = Release;
		};
		76B9472F2F064B5A002FD0B2 /* Debug */ = {
			isa = XCBuildConfiguration;
			buildSettings = {
				ASSETCATALOG_COMPILER_APPICON_NAME = AppIcon;
				ASSETCATALOG_COMPILER_GLOBAL_ACCENT_COLOR_NAME = AccentColor;
				CODE_SIGN_STYLE = Automatic;
				CURRENT_PROJECT_VERSION = 1;
				DEVELOPMENT_ASSET_PATHS = "\"EcommerceProductApp/Preview Content\"";
				ENABLE_PREVIEWS = YES;
				GENERATE_INFOPLIST_FILE = YES;
				INFOPLIST_FILE = EcommerceProductApp/Info.plist;
				INFOPLIST_KEY_UIApplicationSceneManifest_Generation = YES;
				INFOPLIST_KEY_UIApplicationSupportsIndirectInputEvents = YES;
				INFOPLIST_KEY_UILaunchScreen_Generation = YES;
				INFOPLIST_KEY_UISupportedInterfaceOrientations = UIInterfaceOrientationPortrait;
				IPHONEOS_DEPLOYMENT_TARGET = 18.1;
				LD_RUNPATH_SEARCH_PATHS = (
					"$(inherited)",
					"@executable_path/Frameworks",
				);
				MARKETING_VERSION = 1.0;
				PRODUCT_BUNDLE_IDENTIFIER = com.progress.EcommerceProductApp;
				PRODUCT_NAME = "$(TARGET_NAME)";
				SWIFT_EMIT_LOC_STRINGS = YES;
				SWIFT_VERSION = 5.0;
				TARGETED_DEVICE_FAMILY = "1,2";
			};
			name = Debug;
		};
		76B947302F064B5A002FD0B2 /* Release */ = {
			isa = XCBuildConfiguration;
			buildSettings = {
				ASSETCATALOG_COMPILER_APPICON_NAME = AppIcon;
				ASSETCATALOG_COMPILER_GLOBAL_ACCENT_COLOR_NAME = AccentColor;
				CODE_SIGN_STYLE = Automatic;
				CURRENT_PROJECT_VERSION = 1;
				DEVELOPMENT_ASSET_PATHS = "\"EcommerceProductApp/Preview Content\"";
				ENABLE_PREVIEWS = YES;
				GENERATE_INFOPLIST_FILE = YES;
				INFOPLIST_FILE = EcommerceProductApp/Info.plist;
				INFOPLIST_KEY_UIApplicationSceneManifest_Generation = YES;
				INFOPLIST_KEY_UIApplicationSupportsIndirectInputEvents = YES;
				INFOPLIST_KEY_UILaunchScreen_Generation = YES;
				INFOPLIST_KEY_UISupportedInterfaceOrientations = UIInterfaceOrientationPortrait;
				IPHONEOS_DEPLOYMENT_TARGET = 18.1;
				LD_RUNPATH_SEARCH_PATHS = (
					"$(inherited)",
					"@executable_path/Frameworks",
				);
				MARKETING_VERSION = 1.0;
				PRODUCT_BUNDLE_IDENTIFIER = com.progress.EcommerceProductApp;
				PRODUCT_NAME = "$(TARGET_NAME)";
				SWIFT_EMIT_LOC_STRINGS = YES;
				SWIFT_VERSION = 5.0;
				TARGETED_DEVICE_FAMILY = "1,2";
			};
			name = Release;
		};
		76B947322F064B5A002FD0B2 /* Debug */ = {
			isa = XCBuildConfiguration;
			buildSettings = {
				BUNDLE_LOADER = "$(TEST_HOST)";
				CODE_SIGN_STYLE = Automatic;
				CURRENT_PROJECT_VERSION = 1;
				GENERATE_INFOPLIST_FILE = YES;
				IPHONEOS_DEPLOYMENT_TARGET = 18.1;
				MARKETING_VERSION = 1.0;
				PRODUCT_BUNDLE_IDENTIFIER = com.progress.EcommerceProductAppTests;
				PRODUCT_NAME = "$(TARGET_NAME)";
				SWIFT_EMIT_LOC_STRINGS = NO;
				SWIFT_VERSION = 5.0;
				TARGETED_DEVICE_FAMILY = "1,2";
				TEST_HOST = "$(BUILT_PRODUCTS_DIR)/EcommerceProductApp.app/$(BUNDLE_EXECUTABLE_FOLDER_PATH)/EcommerceProductApp";
			};
			name = Debug;
		};
		76B947332F064B5A002FD0B2 /* Release */ = {
			isa = XCBuildConfiguration;
			buildSettings = {
				BUNDLE_LOADER = "$(TEST_HOST)";
				CODE_SIGN_STYLE = Automatic;
				CURRENT_PROJECT_VERSION = 1;
				GENERATE_INFOPLIST_FILE = YES;
				IPHONEOS_DEPLOYMENT_TARGET = 18.1;
				MARKETING_VERSION = 1.0;
				PRODUCT_BUNDLE_IDENTIFIER = com.progress.EcommerceProductAppTests;
				PRODUCT_NAME = "$(TARGET_NAME)";
				SWIFT_EMIT_LOC_STRINGS = NO;
				SWIFT_VERSION = 5.0;
				TARGETED_DEVICE_FAMILY = "1,2";
				TEST_HOST = "$(BUILT_PRODUCTS_DIR)/EcommerceProductApp.app/$(BUNDLE_EXECUTABLE_FOLDER_PATH)/EcommerceProductApp";
			};
			name = Release;
		};
		76B947352F064B5A002FD0B2 /* Debug */ = {
			isa = XCBuildConfiguration;
			buildSettings = {
				CODE_SIGN_STYLE = Automatic;
				CURRENT_PROJECT_VERSION = 1;
				GENERATE_INFOPLIST_FILE = YES;
				MARKETING_VERSION = 1.0;
				PRODUCT_BUNDLE_IDENTIFIER = com.progress.EcommerceProductAppUITests;
				PRODUCT_NAME = "$(TARGET_NAME)";
				SWIFT_EMIT_LOC_STRINGS = NO;
				SWIFT_VERSION = 5.0;
				TARGETED_DEVICE_FAMILY = "1,2";
				TEST_TARGET_NAME = EcommerceProductApp;
			};
			name = Debug;
		};
		76B947362F064B5A002FD0B2 /* Release */ = {
			isa = XCBuildConfiguration;
			buildSettings = {
				CODE_SIGN_STYLE = Automatic;
				CURRENT_PROJECT_VERSION = 1;
				GENERATE_INFOPLIST_FILE = YES;
				MARKETING_VERSION = 1.0;
				PRODUCT_BUNDLE_IDENTIFIER = com.progress.EcommerceProductAppUITests;
				PRODUCT_NAME = "$(TARGET_NAME)";
				SWIFT_EMIT_LOC_STRINGS = NO;
				SWIFT_VERSION = 5.0;
				TARGETED_DEVICE_FAMILY = "1,2";
				TEST_TARGET_NAME = EcommerceProductApp;
			};
			name = Release;
		};
/* End XCBuildConfiguration section */

/* Begin XCConfigurationList section */
		76B947032F064B57002FD0B2 /* Build configuration list for PBXProject "EcommerceProductApp" */ = {
			isa = XCConfigurationList;
			buildConfigurations = (
				76B9472C2F064B5A002FD0B2 /* Debug */,
				76B9472D2F064B5A002FD0B2 /* Release */,
			);
			defaultConfigurationIsVisible = 0;
			defaultConfigurationName = Release;
		};
		76B9472E2F064B5A002FD0B2 /* Build configuration list for PBXNativeTarget "EcommerceProductApp" */ = {
			isa = XCConfigurationList;
			buildConfigurations = (
				76B9472F2F064B5A002FD0B2 /* Debug */,
				76B947302F064B5A002FD0B2 /* Release */,
			);
			defaultConfigurationIsVisible = 0;
			defaultConfigurationName = Release;
		};
		76B947312F064B5A002FD0B2 /* Build configuration list for PBXNativeTarget "EcommerceProductAppTests" */ = {
			isa = XCConfigurationList;
			buildConfigurations = (
				76B947322F064B5A002FD0B2 /* Debug */,
				76B947332F064B5A002FD0B2 /* Release */,
			);
			defaultConfigurationIsVisible = 0;
			defaultConfigurationName = Release;
		};
		76B947342F064B5A002FD0B2 /* Build configuration list for PBXNativeTarget "EcommerceProductAppUITests" */ = {
			isa = XCConfigurationList;
			buildConfigurations = (
				76B947352F064B5A002FD0B2 /* Debug */,
				76B947362F064B5A002FD0B2 /* Release */,
			);
			defaultConfigurationIsVisible = 0;
			defaultConfigurationName = Release;
		};
/* End XCConfigurationList section */
	};
	rootObject = 76B947002F064B57002FD0B2 /* Project object */;
}
